PODS:
  - Nimble (8.0.2)
  - Quick (2.1.0)
  - SCPKIHelper (0.1.0)

DEPENDENCIES:
  - Nimble
  - Quick
  - SCPKIHelper (from `../`)

SPEC REPOS:
  https://github.com/cocoapods/specs.git:
    - Nimble
    - Quick

EXTERNAL SOURCES:
  SCPKIHelper:
    :path: "../"

SPEC CHECKSUMS:
  Nimble: 622629381bda1dd5678162f21f1368cec7cbba60
  Quick: 4be43f6634acfa727dd106bdf3929ce125ffa79d
  SCPKIHelper: fe29aabdb22838ffacfc882a7c83134527993baa

PODFILE CHECKSUM: 9707334dff107665a78576b807b27ee0ba7dff48

COCOAPODS: 1.7.3
